
Microsoft Visual Studio Solution File, Format Version 12.00
# Visual Studio Version 16
VisualStudioVersion = 16.0.31507.150
MinimumVisualStudioVersion = 10.0.40219.1
Project("{9A19103F-16F7-4668-BE54-9A1E7A4F7556}") = "Softozor.FusionAuth.SignIn", "serverless\functions\Softozor.FusionAuth.SignIn\Softozor.FusionAuth.SignIn.csproj", "{2625208F-652F-486B-AC17-B22E6D2544E6}"
EndProject
Project("{9A19103F-16F7-4668-BE54-9A1E7A4F7556}") = "Softozor.FusionAuth.TokenValidation", "serverless\functions\Softozor.FusionAuth.TokenValidation\Softozor.FusionAuth.TokenValidation.csproj", "{86D34A05-88D8-4662-AE9F-CD41E8D00924}"
EndProject
Project("{2150E333-8FDC-42A3-9474-1A3956D46DE8}") = "Tests", "Tests", "{4CF7788A-B5F5-41B7-BD17-9D81E2DAF198}"
EndProject
Project("{9A19103F-16F7-4668-BE54-9A1E7A4F7556}") = "Softozor.FusionAuth.SignIn.Tests", "serverless\functions\Softozor.FusionAuth.SignIn.Tests\Softozor.FusionAuth.SignIn.Tests.csproj", "{1A7BC23D-DF45-4DC6-B999-5503629B6938}"
EndProject
Project("{9A19103F-16F7-4668-BE54-9A1E7A4F7556}") = "Softozor.FusionAuth.TokenValidation.Tests", "serverless\functions\Softozor.FusionAuth.TokenValidation.Tests\Softozor.FusionAuth.TokenValidation.Tests.csproj", "{BD96BBF5-29B0-4717-ACAF-BD86C435F1EB}"
EndProject
Project("{2150E333-8FDC-42A3-9474-1A3956D46DE8}") = "Solution Items", "Solution Items", "{15492F05-AE3C-4C6C-A290-FCC31E391A17}"
	ProjectSection(SolutionItems) = preProject
		serverless\functions\.gitignore = serverless\functions\.gitignore
		serverless\functions\fusionauth.yml = serverless\functions\fusionauth.yml
		.gitlab-ci.yml = .gitlab-ci.yml
	EndProjectSection
EndProject
Project("{FAE04EC0-301F-11D3-BF4B-00C04F79EFBC}") = "Softozor.FusionAuth.SetPassword", "serverless\functions\Softozor.FusionAuth.SetPassword\Softozor.FusionAuth.SetPassword.csproj", "{DF0A0779-2D35-40E5-99EC-816853B439ED}"
EndProject
Project("{FAE04EC0-301F-11D3-BF4B-00C04F79EFBC}") = "Softozor.FusionAuth.SignUp", "serverless\functions\Softozor.FusionAuth.SignUp\Softozor.FusionAuth.SignUp.csproj", "{986A400D-92AE-4932-A95A-5FE7DBF010A5}"
EndProject
Project("{FAE04EC0-301F-11D3-BF4B-00C04F79EFBC}") = "Softozor.FusionAuth.SetPassword.Tests", "serverless\functions\Softozor.FusionAuth.SetPassword.Tests\Softozor.FusionAuth.SetPassword.Tests.csproj", "{0610A1E8-069B-431E-94F1-26D294D0C2D1}"
EndProject
Project("{FAE04EC0-301F-11D3-BF4B-00C04F79EFBC}") = "Softozor.FusionAuth.SignUp.Tests", "serverless\functions\Softozor.FusionAuth.SignUp.Tests\Softozor.FusionAuth.SignUp.Tests.csproj", "{D7834972-D01D-4B91-A6A3-0D9B62E7A7A3}"
EndProject
Project("{FAE04EC0-301F-11D3-BF4B-00C04F79EFBC}") = "Softozor.FusionAuth.TestDoubles", "serverless\functions\Softozor.FusionAuth.TestDoubles\Softozor.FusionAuth.TestDoubles.csproj", "{36704537-BA49-45AD-B591-E58BAA73A468}"
EndProject
Global
	GlobalSection(SolutionConfigurationPlatforms) = preSolution
		Debug|Any CPU = Debug|Any CPU
		Release|Any CPU = Release|Any CPU
	EndGlobalSection
	GlobalSection(ProjectConfigurationPlatforms) = postSolution
		{2625208F-652F-486B-AC17-B22E6D2544E6}.Debug|Any CPU.ActiveCfg = Debug|Any CPU
		{2625208F-652F-486B-AC17-B22E6D2544E6}.Debug|Any CPU.Build.0 = Debug|Any CPU
		{2625208F-652F-486B-AC17-B22E6D2544E6}.Release|Any CPU.ActiveCfg = Release|Any CPU
		{2625208F-652F-486B-AC17-B22E6D2544E6}.Release|Any CPU.Build.0 = Release|Any CPU
		{86D34A05-88D8-4662-AE9F-CD41E8D00924}.Debug|Any CPU.ActiveCfg = Debug|Any CPU
		{86D34A05-88D8-4662-AE9F-CD41E8D00924}.Debug|Any CPU.Build.0 = Debug|Any CPU
		{86D34A05-88D8-4662-AE9F-CD41E8D00924}.Release|Any CPU.ActiveCfg = Release|Any CPU
		{86D34A05-88D8-4662-AE9F-CD41E8D00924}.Release|Any CPU.Build.0 = Release|Any CPU
		{1A7BC23D-DF45-4DC6-B999-5503629B6938}.Debug|Any CPU.ActiveCfg = Debug|Any CPU
		{1A7BC23D-DF45-4DC6-B999-5503629B6938}.Debug|Any CPU.Build.0 = Debug|Any CPU
		{1A7BC23D-DF45-4DC6-B999-5503629B6938}.Release|Any CPU.ActiveCfg = Release|Any CPU
		{1A7BC23D-DF45-4DC6-B999-5503629B6938}.Release|Any CPU.Build.0 = Release|Any CPU
		{BD96BBF5-29B0-4717-ACAF-BD86C435F1EB}.Debug|Any CPU.ActiveCfg = Debug|Any CPU
		{BD96BBF5-29B0-4717-ACAF-BD86C435F1EB}.Debug|Any CPU.Build.0 = Debug|Any CPU
		{BD96BBF5-29B0-4717-ACAF-BD86C435F1EB}.Release|Any CPU.ActiveCfg = Release|Any CPU
		{BD96BBF5-29B0-4717-ACAF-BD86C435F1EB}.Release|Any CPU.Build.0 = Release|Any CPU
		{DF0A0779-2D35-40E5-99EC-816853B439ED}.Debug|Any CPU.ActiveCfg = Debug|Any CPU
		{DF0A0779-2D35-40E5-99EC-816853B439ED}.Debug|Any CPU.Build.0 = Debug|Any CPU
		{DF0A0779-2D35-40E5-99EC-816853B439ED}.Release|Any CPU.ActiveCfg = Release|Any CPU
		{DF0A0779-2D35-40E5-99EC-816853B439ED}.Release|Any CPU.Build.0 = Release|Any CPU
		{986A400D-92AE-4932-A95A-5FE7DBF010A5}.Debug|Any CPU.ActiveCfg = Debug|Any CPU
		{986A400D-92AE-4932-A95A-5FE7DBF010A5}.Debug|Any CPU.Build.0 = Debug|Any CPU
		{986A400D-92AE-4932-A95A-5FE7DBF010A5}.Release|Any CPU.ActiveCfg = Release|Any CPU
		{986A400D-92AE-4932-A95A-5FE7DBF010A5}.Release|Any CPU.Build.0 = Release|Any CPU
		{0610A1E8-069B-431E-94F1-26D294D0C2D1}.Debug|Any CPU.ActiveCfg = Debug|Any CPU
		{0610A1E8-069B-431E-94F1-26D294D0C2D1}.Debug|Any CPU.Build.0 = Debug|Any CPU
		{0610A1E8-069B-431E-94F1-26D294D0C2D1}.Release|Any CPU.ActiveCfg = Release|Any CPU
		{0610A1E8-069B-431E-94F1-26D294D0C2D1}.Release|Any CPU.Build.0 = Release|Any CPU
		{D7834972-D01D-4B91-A6A3-0D9B62E7A7A3}.Debug|Any CPU.ActiveCfg = Debug|Any CPU
		{D7834972-D01D-4B91-A6A3-0D9B62E7A7A3}.Debug|Any CPU.Build.0 = Debug|Any CPU
		{D7834972-D01D-4B91-A6A3-0D9B62E7A7A3}.Release|Any CPU.ActiveCfg = Release|Any CPU
		{D7834972-D01D-4B91-A6A3-0D9B62E7A7A3}.Release|Any CPU.Build.0 = Release|Any CPU
		{36704537-BA49-45AD-B591-E58BAA73A468}.Debug|Any CPU.ActiveCfg = Debug|Any CPU
		{36704537-BA49-45AD-B591-E58BAA73A468}.Debug|Any CPU.Build.0 = Debug|Any CPU
		{36704537-BA49-45AD-B591-E58BAA73A468}.Release|Any CPU.ActiveCfg = Release|Any CPU
		{36704537-BA49-45AD-B591-E58BAA73A468}.Release|Any CPU.Build.0 = Release|Any CPU
	EndGlobalSection
	GlobalSection(SolutionProperties) = preSolution
		HideSolutionNode = FALSE
	EndGlobalSection
	GlobalSection(NestedProjects) = preSolution
		{1A7BC23D-DF45-4DC6-B999-5503629B6938} = {4CF7788A-B5F5-41B7-BD17-9D81E2DAF198}
		{BD96BBF5-29B0-4717-ACAF-BD86C435F1EB} = {4CF7788A-B5F5-41B7-BD17-9D81E2DAF198}
		{0610A1E8-069B-431E-94F1-26D294D0C2D1} = {4CF7788A-B5F5-41B7-BD17-9D81E2DAF198}
		{D7834972-D01D-4B91-A6A3-0D9B62E7A7A3} = {4CF7788A-B5F5-41B7-BD17-9D81E2DAF198}
		{36704537-BA49-45AD-B591-E58BAA73A468} = {4CF7788A-B5F5-41B7-BD17-9D81E2DAF198}
	EndGlobalSection
	GlobalSection(ExtensibilityGlobals) = postSolution
		SolutionGuid = {EE5E768A-ACB5-4B49-A123-859E9ED6C96E}
	EndGlobalSection
EndGlobal
